// !$*UTF8*$!
{
	archiveVersion = 1;
	classes = {
	};
	objectVersion = 56;
	objects = {
        F00000000000000000000001 = {isa = PBXFileReference; lastKnownFileType = text.xml; path = PrivacyInfo.xcprivacy; sourceTree = "<group>"; };
        F00000000000000000000002 = {isa = PBXBuildFile; fileRef = F00000000000000000000001; };
        C00000000000000000000001 = {isa = PBXFileReference; lastKnownFileType = sourcecode.swift; path = ReaderInteractionChecks.swift; sourceTree = "<group>"; };
        C00000000000000000000002 = {isa = PBXBuildFile; fileRef = C00000000000000000000001; };
        C00000000000000000000003 = {isa = PBXFileReference; explicitFileType = wrapper.cfbundle; path = ReaderInteractionChecks.xctest; sourceTree = BUILT_PRODUCTS_DIR; };
        C00000000000000000000004 = {isa = PBXSourcesBuildPhase; buildActionMask = 2147483647; files = (C00000000000000000000002,); runOnlyForDeploymentPostprocessing = 0; };
        C00000000000000000000005 = {isa = PBXNativeTarget; buildConfigurationList = C00000000000000000000008; buildPhases = (C00000000000000000000004,); buildRules = (); dependencies = (C00000000000000000000009,); name = ReaderInteractionChecks; productName = ReaderInteractionChecks; productReference = C00000000000000000000003; productType = "com.apple.product-type.bundle.ui-testing"; };
        C00000000000000000000006 = {isa = XCBuildConfiguration; buildSettings = {CODE_SIGN_STYLE = Automatic; GENERATE_INFOPLIST_FILE = YES; PRODUCT_BUNDLE_IDENTIFIER = local.shelf.reader.interactionchecks; PRODUCT_NAME = "$(TARGET_NAME)"; TEST_TARGET_NAME = LocalShelf; TARGETED_DEVICE_FAMILY = "1,2"; }; name = Debug; };
        C00000000000000000000007 = {isa = XCBuildConfiguration; buildSettings = {CODE_SIGN_STYLE = Automatic; GENERATE_INFOPLIST_FILE = YES; PRODUCT_BUNDLE_IDENTIFIER = local.shelf.reader.interactionchecks; PRODUCT_NAME = "$(TARGET_NAME)"; TEST_TARGET_NAME = LocalShelf; TARGETED_DEVICE_FAMILY = "1,2"; }; name = Release; };
        C00000000000000000000008 = {isa = XCConfigurationList; buildConfigurations = (C00000000000000000000006,C00000000000000000000007,); defaultConfigurationIsVisible = 0; defaultConfigurationName = Debug; };
        C00000000000000000000009 = {isa = PBXTargetDependency; target = A00000000000000000000005; };

/* Begin PBXBuildFile section */
        E00000000000000000000001 = {isa = PBXBuildFile; fileRef = E00000000000000000000002; };
        D00000000000000000000001 = {isa = PBXBuildFile; fileRef = D00000000000000000000002; };
        B00000000000000000000001 = {isa = PBXBuildFile; fileRef = B00000000000000000000002; };
		A00000000000000000000018 /* LocalShelfApp.swift in Sources */ = {isa = PBXBuildFile; fileRef = A00000000000000000000006 /* LocalShelfApp.swift */; };
		A00000000000000000000019 /* LibraryModels.swift in Sources */ = {isa = PBXBuildFile; fileRef = A00000000000000000000007 /* LibraryModels.swift */; };
/* End PBXBuildFile section */

/* Begin PBXFileReference section */
        E00000000000000000000002 = {isa = PBXFileReference; lastKnownFileType = sourcecode.swift; path = InteractionAlternatives.swift; sourceTree = "<group>"; };
        D00000000000000000000002 = {isa = PBXFileReference; lastKnownFileType = sourcecode.swift; path = CoverEnhancements.swift; sourceTree = "<group>"; };
        B00000000000000000000002 = {isa = PBXFileReference; lastKnownFileType = folder.assetcatalog; path = Assets.xcassets; sourceTree = "<group>"; };
		A00000000000000000000006 /* LocalShelfApp.swift */ = {isa = PBXFileReference; lastKnownFileType = sourcecode.swift; path = LocalShelfApp.swift; sourceTree = "<group>"; };
		A00000000000000000000007 /* LibraryModels.swift */ = {isa = PBXFileReference; lastKnownFileType = sourcecode.swift; path = LibraryModels.swift; sourceTree = "<group>"; };
		A00000000000000000000008 /* Info.plist */ = {isa = PBXFileReference; lastKnownFileType = text.plist.xml; path = Info.plist; sourceTree = "<group>"; };
		A00000000000000000000009 /* LocalShelf.app */ = {isa = PBXFileReference; explicitFileType = wrapper.application; includeInIndex = 0; path = LocalShelf.app; sourceTree = BUILT_PRODUCTS_DIR; };
/* End PBXFileReference section */

/* Begin PBXFrameworksBuildPhase section */
		A00000000000000000000014 /* Frameworks */ = {
			isa = PBXFrameworksBuildPhase;
			buildActionMask = 2147483647;
			files = (
			);
			runOnlyForDeploymentPostprocessing = 0;
		};
/* End PBXFrameworksBuildPhase section */

/* Begin PBXGroup section */
		A00000000000000000000003 = {
			isa = PBXGroup;
			children = (
				F00000000000000000000001,
				C00000000000000000000001,
				A00000000000000000000006 /* LocalShelfApp.swift */,
				A00000000000000000000007 /* LibraryModels.swift */,
                D00000000000000000000002,
                E00000000000000000000002,
				A00000000000000000000008 /* Info.plist */,
                B00000000000000000000002,
				A00000000000000000000004 /* Products */,
			);
			sourceTree = "<group>";
		};
		A00000000000000000000004 /* Products */ = {
			isa = PBXGroup;
			children = (
				A00000000000000000000009 /* LocalShelf.app */,
				C00000000000000000000003,
			);
			name = Products;
			sourceTree = "<group>";
		};
/* End PBXGroup section */

/* Begin PBXNativeTarget section */
		A00000000000000000000005 /* LocalShelf */ = {
			isa = PBXNativeTarget;
			buildConfigurationList = A00000000000000000000012 /* Build configuration list for PBXNativeTarget "LocalShelf" */;
			buildPhases = (
				A00000000000000000000013 /* Sources */,
				A00000000000000000000014 /* Frameworks */,
				A00000000000000000000015 /* Resources */,
			);
			buildRules = (
			);
			dependencies = (
			);
			name = LocalShelf;
			productName = LocalShelf;
			productReference = A00000000000000000000009 /* LocalShelf.app */;
			productType = "com.apple.product-type.application";
		};
/* End PBXNativeTarget section */

/* Begin PBXProject section */
		A00000000000000000000001 /* Project object */ = {
			isa = PBXProject;
			attributes = {
			};
			buildConfigurationList = A00000000000000000000002 /* Build configuration list for PBXProject "LocalShelf" */;
			compatibilityVersion = "Xcode 14.0";
			developmentRegion = en;
			hasScannedForEncodings = 0;
			knownRegions = (
				en,
				Base,
			);
			mainGroup = A00000000000000000000003;
			productRefGroup = A00000000000000000000004 /* Products */;
			projectDirPath = "";
			projectRoot = "";
			targets = (
				A00000000000000000000005 /* LocalShelf */,
				C00000000000000000000005,
			);
		};
/* End PBXProject section */

/* Begin PBXResourcesBuildPhase section */
		A00000000000000000000015 /* Resources */ = {
			isa = PBXResourcesBuildPhase;
			buildActionMask = 2147483647;
			files = (
                F00000000000000000000002,
                B00000000000000000000001,
			);
			runOnlyForDeploymentPostprocessing = 0;
		};
/* End PBXResourcesBuildPhase section */

/* Begin PBXSourcesBuildPhase section */
		A00000000000000000000013 /* Sources */ = {
			isa = PBXSourcesBuildPhase;
			buildActionMask = 2147483647;
			files = (
				A00000000000000000000018 /* LocalShelfApp.swift in Sources */,
				A00000000000000000000019 /* LibraryModels.swift in Sources */,
                D00000000000000000000001,
                E00000000000000000000001,
			);
			runOnlyForDeploymentPostprocessing = 0;
		};
/* End PBXSourcesBuildPhase section */

/* Begin XCBuildConfiguration section */
		A00000000000000000000010 /* Debug */ = {
			isa = XCBuildConfiguration;
			buildSettings = {
				CLANG_ENABLE_MODULES = YES;
				IPHONEOS_DEPLOYMENT_TARGET = 17.0;
				SDKROOT = iphoneos;
				SWIFT_OPTIMIZATION_LEVEL = "-Onone";
				SWIFT_ACTIVE_COMPILATION_CONDITIONS = DEBUG;
				SWIFT_VERSION = 5.0;
			};
			name = Debug;
		};
		A00000000000000000000011 /* Release */ = {
			isa = XCBuildConfiguration;
			buildSettings = {
				CLANG_ENABLE_MODULES = YES;
				IPHONEOS_DEPLOYMENT_TARGET = 17.0;
				SDKROOT = iphoneos;
				SWIFT_COMPILATION_MODE = wholemodule;
				SWIFT_OPTIMIZATION_LEVEL = "-O";
				SWIFT_VERSION = 5.0;
			};
			name = Release;
		};
		A00000000000000000000016 /* Debug */ = {
			isa = XCBuildConfiguration;
			buildSettings = {
				CODE_SIGN_STYLE = Automatic;
				CURRENT_PROJECT_VERSION = 39;
                ASSETCATALOG_COMPILER_APPICON_NAME = AppIcon;
				GENERATE_INFOPLIST_FILE = YES;
				INFOPLIST_FILE = Info.plist;
				INFOPLIST_KEY_UIApplicationSceneManifest_Generation = YES;
				INFOPLIST_KEY_UILaunchScreen_Generation = YES;
				MARKETING_VERSION = 0.4.13;
				PRODUCT_BUNDLE_IDENTIFIER = local.shelf.reader;
				PRODUCT_NAME = "$(TARGET_NAME)";
				SUPPORTED_PLATFORMS = "iphoneos iphonesimulator";
				TARGETED_DEVICE_FAMILY = "1,2";
			};
			name = Debug;
		};
		A00000000000000000000017 /* Release */ = {
			isa = XCBuildConfiguration;
			buildSettings = {
				CODE_SIGN_STYLE = Automatic;
				CURRENT_PROJECT_VERSION = 39;
                ASSETCATALOG_COMPILER_APPICON_NAME = AppIcon;
				GENERATE_INFOPLIST_FILE = YES;
				INFOPLIST_FILE = Info.plist;
				INFOPLIST_KEY_UIApplicationSceneManifest_Generation = YES;
				INFOPLIST_KEY_UILaunchScreen_Generation = YES;
				MARKETING_VERSION = 0.4.13;
				PRODUCT_BUNDLE_IDENTIFIER = local.shelf.reader;
				PRODUCT_NAME = "$(TARGET_NAME)";
				SUPPORTED_PLATFORMS = "iphoneos iphonesimulator";
				TARGETED_DEVICE_FAMILY = "1,2";
			};
			name = Release;
		};
/* End XCBuildConfiguration section */

/* Begin XCConfigurationList section */
		A00000000000000000000002 /* Build configuration list for PBXProject "LocalShelf" */ = {
			isa = XCConfigurationList;
			buildConfigurations = (
				A00000000000000000000010 /* Debug */,
				A00000000000000000000011 /* Release */,
			);
			defaultConfigurationIsVisible = 0;
			defaultConfigurationName = Release;
		};
		A00000000000000000000012 /* Build configuration list for PBXNativeTarget "LocalShelf" */ = {
			isa = XCConfigurationList;
			buildConfigurations = (
				A00000000000000000000016 /* Debug */,
				A00000000000000000000017 /* Release */,
			);
			defaultConfigurationIsVisible = 0;
			defaultConfigurationName = Release;
		};
/* End XCConfigurationList section */
	};
	rootObject = A00000000000000000000001 /* Project object */;
}
